
Microsoft Visual Studio Solution File, Format Version 12.00
# Visual Studio Version 17
VisualStudioVersion = 17.0.31919.166
MinimumVisualStudioVersion = 10.0.40219.1
Project("{FAE04EC0-301F-11D3-BF4B-00C04F79EFBC}") = "stock-quote-alert", "stock-quote-alert\stock-quote-alert.csproj", "{B42DF5C7-3B30-4C62-BB24-6BD0B1AC9507}"
EndProject
Global
	GlobalSection(SolutionConfigurationPlatforms) = preSolution
		Debug|Any CPU = Debug|Any CPU
		Release|Any CPU = Release|Any CPU
	EndGlobalSection
	GlobalSection(ProjectConfigurationPlatforms) = postSolution
		{B42DF5C7-3B30-4C62-BB24-6BD0B1AC9507}.Debug|Any CPU.ActiveCfg = Debug|Any CPU
		{B42DF5C7-3B30-4C62-BB24-6BD0B1AC9507}.Debug|Any CPU.Build.0 = Debug|Any CPU
		{B42DF5C7-3B30-4C62-BB24-6BD0B1AC9507}.Release|Any CPU.ActiveCfg = Release|Any CPU
		{B42DF5C7-3B30-4C62-BB24-6BD0B1AC9507}.Release|Any CPU.Build.0 = Release|Any CPU
	EndGlobalSection
	GlobalSection(SolutionProperties) = preSolution
		HideSolutionNode = FALSE
	EndGlobalSection
	GlobalSection(ExtensibilityGlobals) = postSolution
		SolutionGuid = {091E1562-170A-411A-AE17-059BDE36B122}
	EndGlobalSection
EndGlobal
